<?xml version="1.0" encoding="utf-8"?>
<Project ToolsVersion="4.0" xmlns="http://schemas.microsoft.com/developer/msbuild/2003">
  <ItemGroup>
    <Filter Include="소스 파일">
      <UniqueIdentifier>{4FC737F1-C7A5-4376-A066-2A32D752A2FF}</UniqueIdentifier>
      <Extensions>cpp;c;cc;cxx;def;odl;idl;hpj;bat;asm;asmx</Extensions>
    </Filter>
    <Filter Include="헤더 파일">
      <UniqueIdentifier>{93995380-89BD-4b04-88EB-625FBE52EBFB}</UniqueIdentifier>
      <Extensions>h;hh;hpp;hxx;hm;inl;inc;ipp;xsd</Extensions>
    </Filter>
    <Filter Include="2DFramework">
      <UniqueIdentifier>{771b621e-ae3b-474c-b610-ddc16a0a360f}</UniqueIdentifier>
    </Filter>
    <Filter Include="2DFramework\singletonBase">
      <UniqueIdentifier>{39a0cede-90e4-4e9a-bd8c-8466c02fcc50}</UniqueIdentifier>
    </Filter>
    <Filter Include="PlayGround">
      <UniqueIdentifier>{e37d5369-ec86-4a52-8402-8a314525fb73}</UniqueIdentifier>
    </Filter>
    <Filter Include="2DFramework\Manager">
      <UniqueIdentifier>{793f1ed7-4eab-4a98-beb1-b6c6e0c4a84d}</UniqueIdentifier>
    </Filter>
    <Filter Include="2DFramework\image">
      <UniqueIdentifier>{c62ccf59-8b92-4322-a311-2b974dd6a54c}</UniqueIdentifier>
    </Filter>
    <Filter Include="리소스 파일">
      <UniqueIdentifier>{67DA6AB6-F800-4c08-8B7A-83BB121AAD01}</UniqueIdentifier>
      <Extensions>rc;ico;cur;bmp;dlg;rc2;rct;bin;rgs;gif;jpg;jpeg;jpe;resx;tiff;tif;png;wav;mfcribbon-ms</Extensions>
    </Filter>
    <Filter Include="2DFramework\progressBar">
      <UniqueIdentifier>{131d8384-2305-4f91-9eb9-416cbfaa3e49}</UniqueIdentifier>
    </Filter>
    <Filter Include="2DFramework\txtData">
      <UniqueIdentifier>{6c3fff83-36d5-4a78-bb15-86d79f2ca639}</UniqueIdentifier>
    </Filter>
    <Filter Include="2DFramework\Timer">
      <UniqueIdentifier>{72124606-8050-45c3-ae12-ed9db2dbbe34}</UniqueIdentifier>
    </Filter>
    <Filter Include="2DFramework\animation">
      <UniqueIdentifier>{514037f8-8d44-4576-bf4f-edde874f8e40}</UniqueIdentifier>
    </Filter>
    <Filter Include="2DFramework\effect">
      <UniqueIdentifier>{5a079868-c63d-448c-ad91-e3529a2f0702}</UniqueIdentifier>
    </Filter>
    <Filter Include="2DFramework\button">
      <UniqueIdentifier>{da32caab-0f28-47e9-aacd-ff92bf32a846}</UniqueIdentifier>
    </Filter>
    <Filter Include="2DFramework\action">
      <UniqueIdentifier>{29ce7e2b-17af-439c-a519-f3ca2bf12ff1}</UniqueIdentifier>
    </Filter>
    <Filter Include="PlayGround\map">
      <UniqueIdentifier>{464d62a7-99ce-4cac-8d3b-7fd8b79a6f7b}</UniqueIdentifier>
    </Filter>
    <Filter Include="PlayGround\camera">
      <UniqueIdentifier>{50c0a63e-d415-4777-b174-0362be82f772}</UniqueIdentifier>
    </Filter>
    <Filter Include="PlayGround\scene">
      <UniqueIdentifier>{2cbf2af2-c12b-43db-a12e-084df786adf2}</UniqueIdentifier>
    </Filter>
    <Filter Include="PlayGround\UI">
      <UniqueIdentifier>{53adf036-4117-4b27-b9ea-a36aa3587636}</UniqueIdentifier>
    </Filter>
    <Filter Include="PlayGround\Object">
      <UniqueIdentifier>{76dfff73-20ac-4812-b59f-03282d0c0059}</UniqueIdentifier>
    </Filter>
    <Filter Include="PlayGround\Object\player">
      <UniqueIdentifier>{a37aa942-f108-405a-a881-3e6926041e13}</UniqueIdentifier>
    </Filter>
    <Filter Include="PlayGround\Object\item">
      <UniqueIdentifier>{6e780e15-4cf6-4036-994f-1b1337f6f7fd}</UniqueIdentifier>
    </Filter>
    <Filter Include="PlayGround\Object\enemy">
      <UniqueIdentifier>{c9affad9-1385-4bae-a79b-485b94e80f68}</UniqueIdentifier>
    </Filter>
    <Filter Include="2DFramework\pixelCollision">
      <UniqueIdentifier>{3380f7d9-0ea7-4cc0-a609-198afb80da11}</UniqueIdentifier>
    </Filter>
    <Filter Include="PlayGround\scene\sceneStart">
      <UniqueIdentifier>{333bd487-7441-43ca-94bb-53c3a6183303}</UniqueIdentifier>
    </Filter>
    <Filter Include="PlayGround\scene\sceneStart\scenes">
      <UniqueIdentifier>{331fb875-0b04-46bf-b214-cbd77585ef4c}</UniqueIdentifier>
    </Filter>
    <Filter Include="PlayGround\inputMgr">
      <UniqueIdentifier>{0fc96cf9-1364-42ff-adf7-d09d4d01d054}</UniqueIdentifier>
    </Filter>
    <Filter Include="PlayGround\map\map1">
      <UniqueIdentifier>{44f10767-e30e-4798-bd0b-4734d9ad6a1d}</UniqueIdentifier>
    </Filter>
    <Filter Include="PlayGround\map\map2">
      <UniqueIdentifier>{8a925eb3-c8eb-4367-8644-7c80da7a4d31}</UniqueIdentifier>
    </Filter>
    <Filter Include="PlayGround\Object\item\itemManager">
      <UniqueIdentifier>{be9a5cd4-f8a0-4cab-9b57-de4a38e16877}</UniqueIdentifier>
    </Filter>
  </ItemGroup>
  <ItemGroup>
    <ClInclude Include="stdafx.h">
      <Filter>헤더 파일</Filter>
    </ClInclude>
    <ClInclude Include="targetver.h">
      <Filter>헤더 파일</Filter>
    </ClInclude>
    <ClInclude Include="Resource.h">
      <Filter>헤더 파일</Filter>
    </ClInclude>
    <ClInclude Include="commonMacroFunction.h">
      <Filter>헤더 파일</Filter>
    </ClInclude>
    <ClInclude Include="singletonBase.h">
      <Filter>2DFramework\singletonBase</Filter>
    </ClInclude>
    <ClInclude Include="randomFunction.h">
      <Filter>헤더 파일</Filter>
    </ClInclude>
    <ClInclude Include="playGround.h">
      <Filter>PlayGround</Filter>
    </ClInclude>
    <ClInclude Include="keyManager.h">
      <Filter>2DFramework\Manager</Filter>
    </ClInclude>
    <ClInclude Include="image.h">
      <Filter>2DFramework\image</Filter>
    </ClInclude>
    <ClInclude Include="utils.h">
      <Filter>2DFramework\Manager</Filter>
    </ClInclude>
    <ClInclude Include="imageManager.h">
      <Filter>2DFramework\Manager</Filter>
    </ClInclude>
    <ClInclude Include="progressBar.h">
      <Filter>2DFramework\progressBar</Filter>
    </ClInclude>
    <ClInclude Include="txtData.h">
      <Filter>2DFramework\txtData</Filter>
    </ClInclude>
    <ClInclude Include="timer.h">
      <Filter>2DFramework\Timer</Filter>
    </ClInclude>
    <ClInclude Include="timeManager.h">
      <Filter>2DFramework\Manager</Filter>
    </ClInclude>
    <ClInclude Include="animation.h">
      <Filter>2DFramework\animation</Filter>
    </ClInclude>
    <ClInclude Include="effect.h">
      <Filter>2DFramework\effect</Filter>
    </ClInclude>
    <ClInclude Include="effectManager.h">
      <Filter>2DFramework\Manager</Filter>
    </ClInclude>
    <ClInclude Include="iniDataManager.h">
      <Filter>2DFramework\Manager</Filter>
    </ClInclude>
    <ClInclude Include="soundManager.h">
      <Filter>2DFramework\Manager</Filter>
    </ClInclude>
    <ClInclude Include="sceneManager.h">
      <Filter>2DFramework\Manager</Filter>
    </ClInclude>
    <ClInclude Include="gameNode.h">
      <Filter>2DFramework</Filter>
    </ClInclude>
    <ClInclude Include="button.h">
      <Filter>2DFramework\button</Filter>
    </ClInclude>
    <ClInclude Include="action.h">
      <Filter>2DFramework\action</Filter>
    </ClInclude>
    <ClInclude Include="keyAniManager.h">
      <Filter>2DFramework\Manager</Filter>
    </ClInclude>
    <ClInclude Include="object.h">
      <Filter>PlayGround\Object</Filter>
    </ClInclude>
    <ClInclude Include="player.h">
      <Filter>PlayGround\Object\player</Filter>
    </ClInclude>
    <ClInclude Include="FrameWork.h">
      <Filter>헤더 파일</Filter>
    </ClInclude>
    <ClInclude Include="eric.h">
      <Filter>PlayGround\Object\player</Filter>
    </ClInclude>
    <ClInclude Include="camera.h">
      <Filter>PlayGround\camera</Filter>
    </ClInclude>
    <ClInclude Include="enemy.h">
      <Filter>PlayGround\Object\enemy</Filter>
    </ClInclude>
    <ClInclude Include="TestStage1.h">
      <Filter>PlayGround\scene</Filter>
    </ClInclude>
    <ClInclude Include="inputMgr.h">
      <Filter>PlayGround\inputMgr</Filter>
    </ClInclude>
    <ClInclude Include="viking.h">
      <Filter>PlayGround\Object\player</Filter>
    </ClInclude>
    <ClInclude Include="pixelCollision.h">
      <Filter>2DFramework\pixelCollision</Filter>
    </ClInclude>
    <ClInclude Include="sceneIntro.h">
      <Filter>PlayGround\scene\sceneStart\scenes</Filter>
    </ClInclude>
    <ClInclude Include="sceneMenu.h">
      <Filter>PlayGround\scene\sceneStart\scenes</Filter>
    </ClInclude>
    <ClInclude Include="sceneOption.h">
      <Filter>PlayGround\scene\sceneStart\scenes</Filter>
    </ClInclude>
    <ClInclude Include="scenePassword.h">
      <Filter>PlayGround\scene\sceneStart\scenes</Filter>
    </ClInclude>
    <ClInclude Include="itemBoom.h">
      <Filter>PlayGround\Object\item</Filter>
    </ClInclude>
    <ClInclude Include="itemFrame.h">
      <Filter>PlayGround\Object\item</Filter>
    </ClInclude>
    <ClInclude Include="itemFruit1.h">
      <Filter>PlayGround\Object\item</Filter>
    </ClInclude>
    <ClInclude Include="itemFruit2.h">
      <Filter>PlayGround\Object\item</Filter>
    </ClInclude>
    <ClInclude Include="itemMeat.h">
      <Filter>PlayGround\Object\item</Filter>
    </ClInclude>
    <ClInclude Include="itemQuestionMark.h">
      <Filter>PlayGround\Object\item</Filter>
    </ClInclude>
    <ClInclude Include="map1.h">
      <Filter>PlayGround\map\map1</Filter>
    </ClInclude>
    <ClInclude Include="map2.h">
      <Filter>PlayGround\map\map2</Filter>
    </ClInclude>
    <ClInclude Include="setTrigger.h">
      <Filter>PlayGround\map</Filter>
    </ClInclude>
    <ClInclude Include="electrics.h">
      <Filter>PlayGround\map</Filter>
    </ClInclude>
    <ClInclude Include="doors.h">
      <Filter>PlayGround\map</Filter>
    </ClInclude>
    <ClInclude Include="buttons.h">
      <Filter>PlayGround\map</Filter>
    </ClInclude>
    <ClInclude Include="itemManager.h">
      <Filter>PlayGround\Object\item\itemManager</Filter>
    </ClInclude>
    <ClInclude Include="UI.h">
      <Filter>PlayGround\UI</Filter>
    </ClInclude>
  </ItemGroup>
  <ItemGroup>
    <ClCompile Include="stdafx.cpp">
      <Filter>소스 파일</Filter>
    </ClCompile>
    <ClCompile Include="windowsAPI.cpp">
      <Filter>소스 파일</Filter>
    </ClCompile>
    <ClCompile Include="playGround.cpp">
      <Filter>PlayGround</Filter>
    </ClCompile>
    <ClCompile Include="keyManager.cpp">
      <Filter>2DFramework\Manager</Filter>
    </ClCompile>
    <ClCompile Include="image.cpp">
      <Filter>2DFramework\image</Filter>
    </ClCompile>
    <ClCompile Include="utils.cpp">
      <Filter>2DFramework\Manager</Filter>
    </ClCompile>
    <ClCompile Include="imageManager.cpp">
      <Filter>2DFramework\Manager</Filter>
    </ClCompile>
    <ClCompile Include="progressBar.cpp">
      <Filter>2DFramework\progressBar</Filter>
    </ClCompile>
    <ClCompile Include="txtData.cpp">
      <Filter>2DFramework\txtData</Filter>
    </ClCompile>
    <ClCompile Include="timer.cpp">
      <Filter>2DFramework\Timer</Filter>
    </ClCompile>
    <ClCompile Include="timeManager.cpp">
      <Filter>2DFramework\Manager</Filter>
    </ClCompile>
    <ClCompile Include="animation.cpp">
      <Filter>2DFramework\animation</Filter>
    </ClCompile>
    <ClCompile Include="effect.cpp">
      <Filter>2DFramework\effect</Filter>
    </ClCompile>
    <ClCompile Include="effectManager.cpp">
      <Filter>2DFramework\Manager</Filter>
    </ClCompile>
    <ClCompile Include="iniDataManager.cpp">
      <Filter>2DFramework\Manager</Filter>
    </ClCompile>
    <ClCompile Include="soundManager.cpp">
      <Filter>2DFramework\Manager</Filter>
    </ClCompile>
    <ClCompile Include="sceneManager.cpp">
      <Filter>2DFramework\Manager</Filter>
    </ClCompile>
    <ClCompile Include="button.cpp">
      <Filter>2DFramework\button</Filter>
    </ClCompile>
    <ClCompile Include="action.cpp">
      <Filter>2DFramework\action</Filter>
    </ClCompile>
    <ClCompile Include="keyAniManager.cpp">
      <Filter>2DFramework\Manager</Filter>
    </ClCompile>
    <ClCompile Include="object.cpp">
      <Filter>PlayGround\Object</Filter>
    </ClCompile>
    <ClCompile Include="player.cpp">
      <Filter>PlayGround\Object\player</Filter>
    </ClCompile>
    <ClCompile Include="eric.cpp">
      <Filter>PlayGround\Object\player</Filter>
    </ClCompile>
    <ClCompile Include="camera.cpp">
      <Filter>PlayGround\camera</Filter>
    </ClCompile>
    <ClCompile Include="enemy.cpp">
      <Filter>PlayGround\Object\enemy</Filter>
    </ClCompile>
    <ClCompile Include="TestStage1.cpp">
      <Filter>PlayGround\scene</Filter>
    </ClCompile>
    <ClCompile Include="inputMgr.cpp">
      <Filter>PlayGround\inputMgr</Filter>
    </ClCompile>
    <ClCompile Include="gameNode.cpp">
      <Filter>2DFramework\txtData</Filter>
    </ClCompile>
    <ClCompile Include="pixelCollision.cpp">
      <Filter>2DFramework\pixelCollision</Filter>
    </ClCompile>
    <ClCompile Include="sceneIntro.cpp">
      <Filter>PlayGround\scene\sceneStart\scenes</Filter>
    </ClCompile>
    <ClCompile Include="sceneMenu.cpp">
      <Filter>PlayGround\scene\sceneStart\scenes</Filter>
    </ClCompile>
    <ClCompile Include="sceneOption.cpp">
      <Filter>PlayGround\scene\sceneStart\scenes</Filter>
    </ClCompile>
    <ClCompile Include="scenePassword.cpp">
      <Filter>PlayGround\scene\sceneStart\scenes</Filter>
    </ClCompile>
    <ClCompile Include="itemQuestionMark.cpp">
      <Filter>PlayGround\Object\item</Filter>
    </ClCompile>
    <ClCompile Include="itemMeat.cpp">
      <Filter>PlayGround\Object\item</Filter>
    </ClCompile>
    <ClCompile Include="itemFruit2.cpp">
      <Filter>PlayGround\Object\item</Filter>
    </ClCompile>
    <ClCompile Include="itemFruit1.cpp">
      <Filter>PlayGround\Object\item</Filter>
    </ClCompile>
    <ClCompile Include="itemFrame.cpp">
      <Filter>PlayGround\Object\item</Filter>
    </ClCompile>
    <ClCompile Include="itemBoom.cpp">
      <Filter>PlayGround\Object\item</Filter>
    </ClCompile>
    <ClCompile Include="map1.cpp">
      <Filter>PlayGround\map\map1</Filter>
    </ClCompile>
    <ClCompile Include="map2.cpp">
      <Filter>PlayGround\map\map2</Filter>
    </ClCompile>
    <ClCompile Include="setTrigger.cpp">
      <Filter>PlayGround\map</Filter>
    </ClCompile>
    <ClCompile Include="electrics.cpp">
      <Filter>PlayGround\map</Filter>
    </ClCompile>
    <ClCompile Include="doors.cpp">
      <Filter>PlayGround\map</Filter>
    </ClCompile>
    <ClCompile Include="buttons.cpp">
      <Filter>PlayGround\map</Filter>
    </ClCompile>
    <ClCompile Include="itemManager.cpp">
      <Filter>PlayGround\Object\item\itemManager</Filter>
    </ClCompile>
    <ClCompile Include="UI.cpp">
      <Filter>PlayGround\UI</Filter>
    </ClCompile>
    <ClCompile Include="viking.cpp">
      <Filter>PlayGround\Object\player</Filter>
    </ClCompile>
  </ItemGroup>
  <ItemGroup>
    <ResourceCompile Include="windowsAPI.rc">
      <Filter>리소스 파일</Filter>
    </ResourceCompile>
  </ItemGroup>
  <ItemGroup>
    <Image Include="small.ico">
      <Filter>리소스 파일</Filter>
    </Image>
    <Image Include="windowsAPI.ico">
      <Filter>리소스 파일</Filter>
    </Image>
  </ItemGroup>
</Project>